
Microsoft Visual Studio Solution File, Format Version 10.00
# Visual Studio 2008
Project("{8BC9CEB8-8B4A-11D0-8D11-00A0C91BC942}") = "RentgenGUI", "RentgenGui.vcproj", "{C9D11868-EF22-45C8-A08D-CA1F4D73A5DC}"
EndProject
Global
	GlobalSection(SolutionConfigurationPlatforms) = preSolution
		Debug|Win32 = Debug|Win32
		Release|Win32 = Release|Win32
	EndGlobalSection
	GlobalSection(ProjectConfigurationPlatforms) = postSolution
		{C9D11868-EF22-45C8-A08D-CA1F4D73A5DC}.Debug|Win32.ActiveCfg = Debug|Win32
		{C9D11868-EF22-45C8-A08D-CA1F4D73A5DC}.Debug|Win32.Build.0 = Debug|Win32
		{C9D11868-EF22-45C8-A08D-CA1F4D73A5DC}.Release|Win32.ActiveCfg = Release|Win32
		{C9D11868-EF22-45C8-A08D-CA1F4D73A5DC}.Release|Win32.Build.0 = Release|Win32
	EndGlobalSection
	GlobalSection(SolutionProperties) = preSolution
		HideSolutionNode = FALSE
	EndGlobalSection
EndGlobal
